
Microsoft Visual Studio Solution File, Format Version 12.00
# Visual Studio 2012
Project("{FAE04EC0-301F-11D3-BF4B-00C04F79EFBC}") = "TTconverterFrontend", "TTconverterFrontend.csproj", "{53DDABD4-A195-4C0A-A4B5-931E9BC0CB59}"
EndProject
Global
	GlobalSection(SolutionConfigurationPlatforms) = preSolution
		Debug|Any CPU = Debug|Any CPU
		Release|Any CPU = Release|Any CPU
	EndGlobalSection
	GlobalSection(ProjectConfigurationPlatforms) = postSolution
		{53DDABD4-A195-4C0A-A4B5-931E9BC0CB59}.Debug|Any CPU.ActiveCfg = Debug|Any CPU
		{53DDABD4-A195-4C0A-A4B5-931E9BC0CB59}.Debug|Any CPU.Build.0 = Debug|Any CPU
		{53DDABD4-A195-4C0A-A4B5-931E9BC0CB59}.Release|Any CPU.ActiveCfg = Release|Any CPU
		{53DDABD4-A195-4C0A-A4B5-931E9BC0CB59}.Release|Any CPU.Build.0 = Release|Any CPU
	EndGlobalSection
	GlobalSection(SolutionProperties) = preSolution
		HideSolutionNode = FALSE
	EndGlobalSection
EndGlobal
